
Microsoft Visual Studio Solution File, Format Version 12.00
# Visual Studio Version 16
VisualStudioVersion = 16.0.29025.244
MinimumVisualStudioVersion = 10.0.40219.1
Project("{FAE04EC0-301F-11D3-BF4B-00C04F79EFBC}") = "Bomberman", "Bomberman\Bomberman.csproj", "{CF2520E3-B963-47E5-A563-28807E465A04}"
EndProject
Global
	GlobalSection(SolutionConfigurationPlatforms) = preSolution
		Debug|Any CPU = Debug|Any CPU
		Release|Any CPU = Release|Any CPU
	EndGlobalSection
	GlobalSection(ProjectConfigurationPlatforms) = postSolution
		{CF2520E3-B963-47E5-A563-28807E465A04}.Debug|Any CPU.ActiveCfg = Debug|Any CPU
		{CF2520E3-B963-47E5-A563-28807E465A04}.Debug|Any CPU.Build.0 = Debug|Any CPU
		{CF2520E3-B963-47E5-A563-28807E465A04}.Release|Any CPU.ActiveCfg = Release|Any CPU
		{CF2520E3-B963-47E5-A563-28807E465A04}.Release|Any CPU.Build.0 = Release|Any CPU
	EndGlobalSection
	GlobalSection(SolutionProperties) = preSolution
		HideSolutionNode = FALSE
	EndGlobalSection
	GlobalSection(ExtensibilityGlobals) = postSolution
		SolutionGuid = {16B2B1C1-BEE5-4F09-9E53-AE3EFD3040C0}
	EndGlobalSection
EndGlobal
